// !$*UTF8*$!
{
	archiveVersion = 1;
	classes = {
	};
	objectVersion = 46;
	objects = {

/* Begin PBXFileReference section */
		B7EC27481AD0B78600D7A8F8 /* TutorHome.html */ = {isa = PBXFileReference; lastKnownFileType = text.html; name = TutorHome.html; path = ../../TutorU/TutorHome.html; sourceTree = "<group>"; };
		B7EC27491AD0B78600D7A8F8 /* SignUp.html */ = {isa = PBXFileReference; lastKnownFileType = text.html; name = SignUp.html; path = ../SignUp.html; sourceTree = "<group>"; };
		B7EC274A1AD0B78600D7A8F8 /* StudentHome.html */ = {isa = PBXFileReference; lastKnownFileType = text.html; name = StudentHome.html; path = ../StudentHome.html; sourceTree = "<group>"; };
		B7EC274B1AD0B78600D7A8F8 /* StudentLogin.html */ = {isa = PBXFileReference; lastKnownFileType = text.html; name = StudentLogin.html; path = ../StudentLogin.html; sourceTree = "<group>"; };
		B7EC274C1AD0B78600D7A8F8 /* StudentSubjectList.html */ = {isa = PBXFileReference; lastKnownFileType = text.html; name = StudentSubjectList.html; path = ../StudentSubjectList.html; sourceTree = "<group>"; };
		B7EC274D1AD0B78600D7A8F8 /* TutorLogin.html */ = {isa = PBXFileReference; lastKnownFileType = text.html; name = TutorLogin.html; path = ../TutorLogin.html; sourceTree = "<group>"; };
		B7EC274E1AD0B78600D7A8F8 /* TutorSubjectList.html */ = {isa = PBXFileReference; lastKnownFileType = text.html; name = TutorSubjectList.html; path = ../../TutorU/TutorSubjectList.html; sourceTree = "<group>"; };
		B7EC274F1AD0B78600D7A8F8 /* BackgroundWallpaper.jpg */ = {isa = PBXFileReference; lastKnownFileType = image.jpeg; name = BackgroundWallpaper.jpg; path = ../BackgroundWallpaper.jpg; sourceTree = "<group>"; };
		B7EC27501AD0B78600D7A8F8 /* DefaultProfilePicture.png */ = {isa = PBXFileReference; lastKnownFileType = image.png; name = DefaultProfilePicture.png; path = ../DefaultProfilePicture.png; sourceTree = "<group>"; };
		B7EC27511AD0B78600D7A8F8 /* Login.html */ = {isa = PBXFileReference; lastKnownFileType = text.html; name = Login.html; path = ../Login.html; sourceTree = "<group>"; };
		B7EC27521AD0B78600D7A8F8 /* ratchet-2.0.2.zip */ = {isa = PBXFileReference; lastKnownFileType = archive.zip; name = "ratchet-2.0.2.zip"; path = "../ratchet-2.0.2.zip"; sourceTree = "<group>"; };
		B7EC27531AD0B78600D7A8F8 /* ratchet-theme-ios.css */ = {isa = PBXFileReference; lastKnownFileType = text.css; name = "ratchet-theme-ios.css"; path = "../ratchet-theme-ios.css"; sourceTree = "<group>"; };
		B7EC27541AD0B7B300D7A8F8 /* AvailableTutors.html */ = {isa = PBXFileReference; lastKnownFileType = text.html; path = AvailableTutors.html; sourceTree = "<group>"; };
/* End PBXFileReference section */

/* Begin PBXGroup section */
		B7EC27411AD0B74100D7A8F8 = {
			isa = PBXGroup;
			children = (
				B7EC27541AD0B7B300D7A8F8 /* AvailableTutors.html */,
				B7EC27491AD0B78600D7A8F8 /* SignUp.html */,
				B7EC27481AD0B78600D7A8F8 /* TutorHome.html */,
				B7EC274A1AD0B78600D7A8F8 /* StudentHome.html */,
				B7EC274B1AD0B78600D7A8F8 /* StudentLogin.html */,
				B7EC274C1AD0B78600D7A8F8 /* StudentSubjectList.html */,
				B7EC274D1AD0B78600D7A8F8 /* TutorLogin.html */,
				B7EC274E1AD0B78600D7A8F8 /* TutorSubjectList.html */,
				B7EC274F1AD0B78600D7A8F8 /* BackgroundWallpaper.jpg */,
				B7EC27501AD0B78600D7A8F8 /* DefaultProfilePicture.png */,
				B7EC27511AD0B78600D7A8F8 /* Login.html */,
				B7EC27521AD0B78600D7A8F8 /* ratchet-2.0.2.zip */,
				B7EC27531AD0B78600D7A8F8 /* ratchet-theme-ios.css */,
			);
			sourceTree = "<group>";
		};
/* End PBXGroup section */

/* Begin PBXProject section */
		B7EC27421AD0B74100D7A8F8 /* Project object */ = {
			isa = PBXProject;
			attributes = {
				LastUpgradeCheck = 0620;
			};
			buildConfigurationList = B7EC27451AD0B74100D7A8F8 /* Build configuration list for PBXProject "TutorU V 1.1" */;
			compatibilityVersion = "Xcode 3.2";
			developmentRegion = English;
			hasScannedForEncodings = 0;
			knownRegions = (
				en,
			);
			mainGroup = B7EC27411AD0B74100D7A8F8;
			projectDirPath = "";
			projectRoot = "";
			targets = (
			);
		};
/* End PBXProject section */

/* Begin XCBuildConfiguration section */
		B7EC27461AD0B74100D7A8F8 /* Debug */ = {
			isa = XCBuildConfiguration;
			buildSettings = {
			};
			name = Debug;
		};
		B7EC27471AD0B74100D7A8F8 /* Release */ = {
			isa = XCBuildConfiguration;
			buildSettings = {
			};
			name = Release;
		};
/* End XCBuildConfiguration section */

/* Begin XCConfigurationList section */
		B7EC27451AD0B74100D7A8F8 /* Build configuration list for PBXProject "TutorU V 1.1" */ = {
			isa = XCConfigurationList;
			buildConfigurations = (
				B7EC27461AD0B74100D7A8F8 /* Debug */,
				B7EC27471AD0B74100D7A8F8 /* Release */,
			);
			defaultConfigurationIsVisible = 0;
			defaultConfigurationName = Release;
		};
/* End XCConfigurationList section */
	};
	rootObject = B7EC27421AD0B74100D7A8F8 /* Project object */;
}
